
Microsoft Visual Studio Solution File, Format Version 12.00
# Visual Studio 15
VisualStudioVersion = 15.0.26730.16
MinimumVisualStudioVersion = 10.0.40219.1
Project("{FAE04EC0-301F-11D3-BF4B-00C04F79EFBC}") = "BruteForceGui", "BruteForceGui\BruteForceGui.csproj", "{54A9AE61-1EF7-41D2-8AA7-A0F47CD23E4A}"
EndProject
Project("{FAE04EC0-301F-11D3-BF4B-00C04F79EFBC}") = "BruteForceGui.test", "BruteForceGui.test\BruteForceGui.test.csproj", "{266E4167-3A7F-4446-A43F-DA38EBAC4520}"
EndProject
Project("{FAE04EC0-301F-11D3-BF4B-00C04F79EFBC}") = "BruteForceGuiCharSelector.Test", "BruteForceLogic.Test\BruteForceGuiCharSelector.Test.csproj", "{ABE63DB1-2B4C-4DFC-9D37-37C0F5EB19C3}"
EndProject
Global
	GlobalSection(SolutionConfigurationPlatforms) = preSolution
		Debug|Any CPU = Debug|Any CPU
		Release|Any CPU = Release|Any CPU
	EndGlobalSection
	GlobalSection(ProjectConfigurationPlatforms) = postSolution
		{54A9AE61-1EF7-41D2-8AA7-A0F47CD23E4A}.Debug|Any CPU.ActiveCfg = Debug|Any CPU
		{54A9AE61-1EF7-41D2-8AA7-A0F47CD23E4A}.Debug|Any CPU.Build.0 = Debug|Any CPU
		{54A9AE61-1EF7-41D2-8AA7-A0F47CD23E4A}.Release|Any CPU.ActiveCfg = Release|Any CPU
		{54A9AE61-1EF7-41D2-8AA7-A0F47CD23E4A}.Release|Any CPU.Build.0 = Release|Any CPU
		{266E4167-3A7F-4446-A43F-DA38EBAC4520}.Debug|Any CPU.ActiveCfg = Debug|Any CPU
		{266E4167-3A7F-4446-A43F-DA38EBAC4520}.Debug|Any CPU.Build.0 = Debug|Any CPU
		{266E4167-3A7F-4446-A43F-DA38EBAC4520}.Release|Any CPU.ActiveCfg = Release|Any CPU
		{266E4167-3A7F-4446-A43F-DA38EBAC4520}.Release|Any CPU.Build.0 = Release|Any CPU
		{ABE63DB1-2B4C-4DFC-9D37-37C0F5EB19C3}.Debug|Any CPU.ActiveCfg = Debug|Any CPU
		{ABE63DB1-2B4C-4DFC-9D37-37C0F5EB19C3}.Debug|Any CPU.Build.0 = Debug|Any CPU
		{ABE63DB1-2B4C-4DFC-9D37-37C0F5EB19C3}.Release|Any CPU.ActiveCfg = Release|Any CPU
		{ABE63DB1-2B4C-4DFC-9D37-37C0F5EB19C3}.Release|Any CPU.Build.0 = Release|Any CPU
	EndGlobalSection
	GlobalSection(SolutionProperties) = preSolution
		HideSolutionNode = FALSE
	EndGlobalSection
	GlobalSection(ExtensibilityGlobals) = postSolution
		SolutionGuid = {A2514074-76C3-4A84-8A8D-6275D830B060}
	EndGlobalSection
EndGlobal
