
Microsoft Visual Studio Solution File, Format Version 12.00
# Visual Studio 15
VisualStudioVersion = 15.0.26730.16
MinimumVisualStudioVersion = 10.0.40219.1
Project("{FAE04EC0-301F-11D3-BF4B-00C04F79EFBC}") = "BruteForceGui", "BruteForceGui\BruteForceGui.csproj", "{54A9AE61-1EF7-41D2-8AA7-A0F47CD23E4A}"
EndProject
Project("{FAE04EC0-301F-11D3-BF4B-00C04F79EFBC}") = "BruteForceGui.test", "BruteForceGui.test\BruteForceGui.test.csproj", "{266E4167-3A7F-4446-A43F-DA38EBAC4520}"
EndProject
Project("{FAE04EC0-301F-11D3-BF4B-00C04F79EFBC}") = "BruteForceGuiCharSelector.Test", "BruteForceLogic.Test\BruteForceGuiCharSelector.Test.csproj", "{ABE63DB1-2B4C-4DFC-9D37-37C0F5EB19C3}"
EndProject
Project("{FAE04EC0-301F-11D3-BF4B-00C04F79EFBC}") = "Android", "Android\Android.csproj", "{E99F9FA8-EFB4-453A-9B84-A7566FA9F548}"
EndProject
Project("{FAE04EC0-301F-11D3-BF4B-00C04F79EFBC}") = "MyBruteForce.Model", "MyBruteForce.Model\MyBruteForce.Model.csproj", "{790B6EA1-CBB5-4840-9B76-8359590A24AE}"
EndProject
Project("{FAE04EC0-301F-11D3-BF4B-00C04F79EFBC}") = "MyBruteForce.ViewModel", "MyBruteForce.ViewModel\MyBruteForce.ViewModel.csproj", "{D1D7F740-C11A-4184-A2AF-7950C0027DC1}"
EndProject
Global
	GlobalSection(SolutionConfigurationPlatforms) = preSolution
		Debug|Any CPU = Debug|Any CPU
		Release|Any CPU = Release|Any CPU
	EndGlobalSection
	GlobalSection(ProjectConfigurationPlatforms) = postSolution
		{54A9AE61-1EF7-41D2-8AA7-A0F47CD23E4A}.Debug|Any CPU.ActiveCfg = Debug|Any CPU
		{54A9AE61-1EF7-41D2-8AA7-A0F47CD23E4A}.Debug|Any CPU.Build.0 = Debug|Any CPU
		{54A9AE61-1EF7-41D2-8AA7-A0F47CD23E4A}.Release|Any CPU.ActiveCfg = Release|Any CPU
		{54A9AE61-1EF7-41D2-8AA7-A0F47CD23E4A}.Release|Any CPU.Build.0 = Release|Any CPU
		{266E4167-3A7F-4446-A43F-DA38EBAC4520}.Debug|Any CPU.ActiveCfg = Debug|Any CPU
		{266E4167-3A7F-4446-A43F-DA38EBAC4520}.Debug|Any CPU.Build.0 = Debug|Any CPU
		{266E4167-3A7F-4446-A43F-DA38EBAC4520}.Release|Any CPU.ActiveCfg = Release|Any CPU
		{266E4167-3A7F-4446-A43F-DA38EBAC4520}.Release|Any CPU.Build.0 = Release|Any CPU
		{ABE63DB1-2B4C-4DFC-9D37-37C0F5EB19C3}.Debug|Any CPU.ActiveCfg = Debug|Any CPU
		{ABE63DB1-2B4C-4DFC-9D37-37C0F5EB19C3}.Debug|Any CPU.Build.0 = Debug|Any CPU
		{ABE63DB1-2B4C-4DFC-9D37-37C0F5EB19C3}.Release|Any CPU.ActiveCfg = Release|Any CPU
		{ABE63DB1-2B4C-4DFC-9D37-37C0F5EB19C3}.Release|Any CPU.Build.0 = Release|Any CPU
		{E99F9FA8-EFB4-453A-9B84-A7566FA9F548}.Debug|Any CPU.ActiveCfg = Debug|Any CPU
		{E99F9FA8-EFB4-453A-9B84-A7566FA9F548}.Debug|Any CPU.Build.0 = Debug|Any CPU
		{E99F9FA8-EFB4-453A-9B84-A7566FA9F548}.Debug|Any CPU.Deploy.0 = Debug|Any CPU
		{E99F9FA8-EFB4-453A-9B84-A7566FA9F548}.Release|Any CPU.ActiveCfg = Release|Any CPU
		{E99F9FA8-EFB4-453A-9B84-A7566FA9F548}.Release|Any CPU.Build.0 = Release|Any CPU
		{E99F9FA8-EFB4-453A-9B84-A7566FA9F548}.Release|Any CPU.Deploy.0 = Release|Any CPU
		{790B6EA1-CBB5-4840-9B76-8359590A24AE}.Debug|Any CPU.ActiveCfg = Debug|Any CPU
		{790B6EA1-CBB5-4840-9B76-8359590A24AE}.Debug|Any CPU.Build.0 = Debug|Any CPU
		{790B6EA1-CBB5-4840-9B76-8359590A24AE}.Release|Any CPU.ActiveCfg = Release|Any CPU
		{790B6EA1-CBB5-4840-9B76-8359590A24AE}.Release|Any CPU.Build.0 = Release|Any CPU
		{D1D7F740-C11A-4184-A2AF-7950C0027DC1}.Debug|Any CPU.ActiveCfg = Debug|Any CPU
		{D1D7F740-C11A-4184-A2AF-7950C0027DC1}.Debug|Any CPU.Build.0 = Debug|Any CPU
		{D1D7F740-C11A-4184-A2AF-7950C0027DC1}.Release|Any CPU.ActiveCfg = Release|Any CPU
		{D1D7F740-C11A-4184-A2AF-7950C0027DC1}.Release|Any CPU.Build.0 = Release|Any CPU
	EndGlobalSection
	GlobalSection(SolutionProperties) = preSolution
		HideSolutionNode = FALSE
	EndGlobalSection
	GlobalSection(ExtensibilityGlobals) = postSolution
		SolutionGuid = {A2514074-76C3-4A84-8A8D-6275D830B060}
	EndGlobalSection
EndGlobal
